
Microsoft Visual Studio Solution File, Format Version 12.00
# Visual Studio 15
VisualStudioVersion = 15.0.28010.2046
MinimumVisualStudioVersion = 10.0.40219.1
Project("{FAE04EC0-301F-11D3-BF4B-00C04F79EFBC}") = "CalculatorApp", "CalculatorApp\CalculatorApp.csproj", "{4289E17D-61B3-45FF-BAB1-D05A2D4C37F6}"
EndProject
Global
	GlobalSection(SolutionConfigurationPlatforms) = preSolution
		Debug|Any CPU = Debug|Any CPU
		Release|Any CPU = Release|Any CPU
	EndGlobalSection
	GlobalSection(ProjectConfigurationPlatforms) = postSolution
		{4289E17D-61B3-45FF-BAB1-D05A2D4C37F6}.Debug|Any CPU.ActiveCfg = Debug|Any CPU
		{4289E17D-61B3-45FF-BAB1-D05A2D4C37F6}.Debug|Any CPU.Build.0 = Debug|Any CPU
		{4289E17D-61B3-45FF-BAB1-D05A2D4C37F6}.Release|Any CPU.ActiveCfg = Release|Any CPU
		{4289E17D-61B3-45FF-BAB1-D05A2D4C37F6}.Release|Any CPU.Build.0 = Release|Any CPU
	EndGlobalSection
	GlobalSection(SolutionProperties) = preSolution
		HideSolutionNode = FALSE
	EndGlobalSection
	GlobalSection(ExtensibilityGlobals) = postSolution
		SolutionGuid = {0E85F905-6CC9-4ED4-AABE-0B13092F9783}
	EndGlobalSection
EndGlobal
